{
    "_readme": [
        "This file locks the dependencies of your project to a known state",
        "Read more about it at https://getcomposer.org/doc/01-basic-usage.md#composer-lock-the-lock-file",
        "This file is @generated automatically"
    ],
    "hash": "5c9904a10acad30692de1974b2cb8e5a",
    "content-hash": "13cf210405e78141e3f96ce7715abd49",
    "packages": [
        {
            "name": "jaspersoft/rest-client",
            "version": "dev-master",
            "source": {
                "type": "git",
                "url": "https://github.com/Jaspersoft/jrs-rest-php-client.git",
                "reference": "32dc45485030c6339e636c309cd5280af6479bf4"
            },
            "dist": {
                "type": "zip",
                "url": "https://api.github.com/repos/Jaspersoft/jrs-rest-php-client/zipball/32dc45485030c6339e636c309cd5280af6479bf4",
                "reference": "32dc45485030c6339e636c309cd5280af6479bf4",
                "shasum": ""
            },
            "require": {
                "ext-curl": "*",
                "php": ">=5.3.0"
            },
            "type": "library",
            "autoload": {
                "psr-0": {
                    "Jaspersoft": "src/"
                }
            },
            "notification-url": "https://packagist.org/downloads/",
            "license": [
                "LGPL-3.0"
            ],
            "authors": [
                {
                    "name": "Jaspersoft",
                    "email": "code@jaspersoft.com"
                }
            ],
            "description": "A client for the JasperReports Server REST API",
            "homepage": "http://github.com/Jaspersoft/jrs-rest-php-client",
            "keywords": [
                "jasper-reports",
                "jasperreports",
                "jaspersoft",
                "reporting"
            ],
            "time": "2015-10-28 19:57:34"
        }
    ],
    "packages-dev": [],
    "aliases": [],
    "minimum-stability": "stable",
    "stability-flags": {
        "jaspersoft/rest-client": 20
    },
    "prefer-stable": false,
    "prefer-lowest": false,
    "platform": [],
    "platform-dev": []
}
